// !$*UTF8*$!
{
	archiveVersion = 1;
	classes = {
	};
	objectVersion = 77;
	objects = {

/* Begin PBXBuildFile section */
		667F6B5F2DD9DEC900B2CEDE /* AsyncAlgorithms in Frameworks */ = {isa = PBXBuildFile; productRef = 667F6B5E2DD9DEC900B2CEDE /* AsyncAlgorithms */; };
		667F6B712DD9F54900B2CEDE /* MLXLMCommon in Frameworks */ = {isa = PBXBuildFile; productRef = 667F6B702DD9F54900B2CEDE /* MLXLMCommon */; };
		667F6B732DD9F54F00B2CEDE /* MLXLLM in Frameworks */ = {isa = PBXBuildFile; productRef = 667F6B722DD9F54F00B2CEDE /* MLXLLM */; };
		667F6B752DD9F8A700B2CEDE /* MLXVLM in Frameworks */ = {isa = PBXBuildFile; productRef = 667F6B742DD9F8A700B2CEDE /* MLXVLM */; };
		667F6BF72DDA3C1600B2CEDE /* Vision.framework in Frameworks */ = {isa = PBXBuildFile; fileRef = 667F6BF62DDA3C1600B2CEDE /* Vision.framework */; };
		667F6BF92DDA3C2400B2CEDE /* CoreGraphics.framework in Frameworks */ = {isa = PBXBuildFile; fileRef = 667F6BF82DDA3C2400B2CEDE /* CoreGraphics.framework */; };
		667F6BFB2DDA3C2E00B2CEDE /* AVFoundation.framework in Frameworks */ = {isa = PBXBuildFile; fileRef = 667F6BFA2DDA3C2E00B2CEDE /* AVFoundation.framework */; };
		667F6BFD2DDA3C3900B2CEDE /* CoreData.framework in Frameworks */ = {isa = PBXBuildFile; fileRef = 667F6BFC2DDA3C3900B2CEDE /* CoreData.framework */; };
		66BF50632DDA47DE00575961 /* ScreenCaptureKit.framework in Frameworks */ = {isa = PBXBuildFile; fileRef = 667F6BF42DDA3C0700B2CEDE /* ScreenCaptureKit.framework */; };
/* End PBXBuildFile section */

/* Begin PBXFileReference section */
		667F6BF42DDA3C0700B2CEDE /* ScreenCaptureKit.framework */ = {isa = PBXFileReference; lastKnownFileType = wrapper.framework; name = ScreenCaptureKit.framework; path = System/Library/Frameworks/ScreenCaptureKit.framework; sourceTree = SDKROOT; };
		667F6BF62DDA3C1600B2CEDE /* Vision.framework */ = {isa = PBXFileReference; lastKnownFileType = wrapper.framework; name = Vision.framework; path = System/Library/Frameworks/Vision.framework; sourceTree = SDKROOT; };
		667F6BF82DDA3C2400B2CEDE /* CoreGraphics.framework */ = {isa = PBXFileReference; lastKnownFileType = wrapper.framework; name = CoreGraphics.framework; path = System/Library/Frameworks/CoreGraphics.framework; sourceTree = SDKROOT; };
		667F6BFA2DDA3C2E00B2CEDE /* AVFoundation.framework */ = {isa = PBXFileReference; lastKnownFileType = wrapper.framework; name = AVFoundation.framework; path = System/Library/Frameworks/AVFoundation.framework; sourceTree = SDKROOT; };
		667F6BFC2DDA3C3900B2CEDE /* CoreData.framework */ = {isa = PBXFileReference; lastKnownFileType = wrapper.framework; name = CoreData.framework; path = System/Library/Frameworks/CoreData.framework; sourceTree = SDKROOT; };
		66E6F5B52DD8351D00CC69B7 /* amnesia.app */ = {isa = PBXFileReference; explicitFileType = wrapper.application; includeInIndex = 0; path = amnesia.app; sourceTree = BUILT_PRODUCTS_DIR; };
/* End PBXFileReference section */

/* Begin PBXFileSystemSynchronizedRootGroup section */
		66E6F5B72DD8351D00CC69B7 /* amnesia */ = {
			isa = PBXFileSystemSynchronizedRootGroup;
			path = amnesia;
			sourceTree = "<group>";
		};
/* End PBXFileSystemSynchronizedRootGroup section */

/* Begin PBXFrameworksBuildPhase section */
		66E6F5B22DD8351D00CC69B7 /* Frameworks */ = {
			isa = PBXFrameworksBuildPhase;
			buildActionMask = 2147483647;
			files = (
				66BF50632DDA47DE00575961 /* ScreenCaptureKit.framework in Frameworks */,
				667F6BFD2DDA3C3900B2CEDE /* CoreData.framework in Frameworks */,
				667F6BFB2DDA3C2E00B2CEDE /* AVFoundation.framework in Frameworks */,
				667F6BF92DDA3C2400B2CEDE /* CoreGraphics.framework in Frameworks */,
				667F6BF72DDA3C1600B2CEDE /* Vision.framework in Frameworks */,
				667F6B732DD9F54F00B2CEDE /* MLXLLM in Frameworks */,
				667F6B712DD9F54900B2CEDE /* MLXLMCommon in Frameworks */,
				667F6B752DD9F8A700B2CEDE /* MLXVLM in Frameworks */,
				667F6B5F2DD9DEC900B2CEDE /* AsyncAlgorithms in Frameworks */,
			);
			runOnlyForDeploymentPostprocessing = 0;
		};
/* End PBXFrameworksBuildPhase section */

/* Begin PBXGroup section */
		667F6BF32DDA3C0600B2CEDE /* Frameworks */ = {
			isa = PBXGroup;
			children = (
				667F6BFC2DDA3C3900B2CEDE /* CoreData.framework */,
				667F6BFA2DDA3C2E00B2CEDE /* AVFoundation.framework */,
				667F6BF82DDA3C2400B2CEDE /* CoreGraphics.framework */,
				667F6BF62DDA3C1600B2CEDE /* Vision.framework */,
				667F6BF42DDA3C0700B2CEDE /* ScreenCaptureKit.framework */,
			);
			name = Frameworks;
			sourceTree = "<group>";
		};
		66E6F5AC2DD8351D00CC69B7 = {
			isa = PBXGroup;
			children = (
				66E6F5B72DD8351D00CC69B7 /* amnesia */,
				667F6BF32DDA3C0600B2CEDE /* Frameworks */,
				66E6F5B62DD8351D00CC69B7 /* Products */,
			);
			sourceTree = "<group>";
		};
		66E6F5B62DD8351D00CC69B7 /* Products */ = {
			isa = PBXGroup;
			children = (
				66E6F5B52DD8351D00CC69B7 /* amnesia.app */,
			);
			name = Products;
			sourceTree = "<group>";
		};
/* End PBXGroup section */

/* Begin PBXNativeTarget section */
		66E6F5B42DD8351D00CC69B7 /* amnesia */ = {
			isa = PBXNativeTarget;
			buildConfigurationList = 66E6F5D92DD8351F00CC69B7 /* Build configuration list for PBXNativeTarget "amnesia" */;
			buildPhases = (
				66E6F5B12DD8351D00CC69B7 /* Sources */,
				66E6F5B22DD8351D00CC69B7 /* Frameworks */,
				66E6F5B32DD8351D00CC69B7 /* Resources */,
			);
			buildRules = (
			);
			dependencies = (
			);
			fileSystemSynchronizedGroups = (
				66E6F5B72DD8351D00CC69B7 /* amnesia */,
			);
			name = amnesia;
			packageProductDependencies = (
				667F6B5E2DD9DEC900B2CEDE /* AsyncAlgorithms */,
				667F6B702DD9F54900B2CEDE /* MLXLMCommon */,
				667F6B722DD9F54F00B2CEDE /* MLXLLM */,
				667F6B742DD9F8A700B2CEDE /* MLXVLM */,
			);
			productName = amnesia;
			productReference = 66E6F5B52DD8351D00CC69B7 /* amnesia.app */;
			productType = "com.apple.product-type.application";
		};
/* End PBXNativeTarget section */

/* Begin PBXProject section */
		66E6F5AD2DD8351D00CC69B7 /* Project object */ = {
			isa = PBXProject;
			attributes = {
				BuildIndependentTargetsInParallel = 1;
				LastSwiftUpdateCheck = 1630;
				LastUpgradeCheck = 1630;
				TargetAttributes = {
					66E6F5B42DD8351D00CC69B7 = {
						CreatedOnToolsVersion = 16.3;
					};
				};
			};
			buildConfigurationList = 66E6F5B02DD8351D00CC69B7 /* Build configuration list for PBXProject "amnesia" */;
			developmentRegion = en;
			hasScannedForEncodings = 0;
			knownRegions = (
				en,
				Base,
			);
			mainGroup = 66E6F5AC2DD8351D00CC69B7;
			minimizedProjectReferenceProxies = 1;
			packageReferences = (
				667F6B5D2DD9DEC900B2CEDE /* XCRemoteSwiftPackageReference "swift-async-algorithms" */,
				667F6B6E2DD9F3A400B2CEDE /* XCRemoteSwiftPackageReference "mlx-swift-examples" */,
			);
			preferredProjectObjectVersion = 77;
			productRefGroup = 66E6F5B62DD8351D00CC69B7 /* Products */;
			projectDirPath = "";
			projectRoot = "";
			targets = (
				66E6F5B42DD8351D00CC69B7 /* amnesia */,
			);
		};
/* End PBXProject section */

/* Begin PBXResourcesBuildPhase section */
		66E6F5B32DD8351D00CC69B7 /* Resources */ = {
			isa = PBXResourcesBuildPhase;
			buildActionMask = 2147483647;
			files = (
			);
			runOnlyForDeploymentPostprocessing = 0;
		};
/* End PBXResourcesBuildPhase section */

/* Begin PBXSourcesBuildPhase section */
		66E6F5B12DD8351D00CC69B7 /* Sources */ = {
			isa = PBXSourcesBuildPhase;
			buildActionMask = 2147483647;
			files = (
			);
			runOnlyForDeploymentPostprocessing = 0;
		};
/* End PBXSourcesBuildPhase section */

/* Begin XCBuildConfiguration section */
		66E6F5D72DD8351F00CC69B7 /* Debug */ = {
			isa = XCBuildConfiguration;
			buildSettings = {
				ALWAYS_SEARCH_USER_PATHS = NO;
				ASSETCATALOG_COMPILER_GENERATE_SWIFT_ASSET_SYMBOL_EXTENSIONS = YES;
				CLANG_ANALYZER_NONNULL = YES;
				CLANG_ANALYZER_NUMBER_OBJECT_CONVERSION = YES_AGGRESSIVE;
				CLANG_CXX_LANGUAGE_STANDARD = "gnu++20";
				CLANG_ENABLE_MODULES = YES;
				CLANG_ENABLE_OBJC_ARC = YES;
				CLANG_ENABLE_OBJC_WEAK = YES;
				CLANG_WARN_BLOCK_CAPTURE_AUTORELEASING = YES;
				CLANG_WARN_BOOL_CONVERSION = YES;
				CLANG_WARN_COMMA = YES;
				CLANG_WARN_CONSTANT_CONVERSION = YES;
				CLANG_WARN_DEPRECATED_OBJC_IMPLEMENTATIONS = YES;
				CLANG_WARN_DIRECT_OBJC_ISA_USAGE = YES_ERROR;
				CLANG_WARN_DOCUMENTATION_COMMENTS = YES;
				CLANG_WARN_EMPTY_BODY = YES;
				CLANG_WARN_ENUM_CONVERSION = YES;
				CLANG_WARN_INFINITE_RECURSION = YES;
				CLANG_WARN_INT_CONVERSION = YES;
				CLANG_WARN_NON_LITERAL_NULL_CONVERSION = YES;
				CLANG_WARN_OBJC_IMPLICIT_RETAIN_SELF = YES;
				CLANG_WARN_OBJC_LITERAL_CONVERSION = YES;
				CLANG_WARN_OBJC_ROOT_CLASS = YES_ERROR;
				CLANG_WARN_QUOTED_INCLUDE_IN_FRAMEWORK_HEADER = YES;
				CLANG_WARN_RANGE_LOOP_ANALYSIS = YES;
				CLANG_WARN_STRICT_PROTOTYPES = YES;
				CLANG_WARN_SUSPICIOUS_MOVE = YES;
				CLANG_WARN_UNGUARDED_AVAILABILITY = YES_AGGRESSIVE;
				CLANG_WARN_UNREACHABLE_CODE = YES;
				CLANG_WARN__DUPLICATE_METHOD_MATCH = YES;
				COPY_PHASE_STRIP = NO;
				DEBUG_INFORMATION_FORMAT = dwarf;
				ENABLE_STRICT_OBJC_MSGSEND = YES;
				ENABLE_TESTABILITY = YES;
				ENABLE_USER_SCRIPT_SANDBOXING = YES;
				GCC_C_LANGUAGE_STANDARD = gnu17;
				GCC_DYNAMIC_NO_PIC = NO;
				GCC_NO_COMMON_BLOCKS = YES;
				GCC_OPTIMIZATION_LEVEL = 0;
				GCC_PREPROCESSOR_DEFINITIONS = (
					"DEBUG=1",
					"$(inherited)",
				);
				GCC_WARN_64_TO_32_BIT_CONVERSION = YES;
				GCC_WARN_ABOUT_RETURN_TYPE = YES_ERROR;
				GCC_WARN_UNDECLARED_SELECTOR = YES;
				GCC_WARN_UNINITIALIZED_AUTOS = YES_AGGRESSIVE;
				GCC_WARN_UNUSED_FUNCTION = YES;
				GCC_WARN_UNUSED_VARIABLE = YES;
				LOCALIZATION_PREFERS_STRING_CATALOGS = YES;
				MACOSX_DEPLOYMENT_TARGET = 15.4;
				MTL_ENABLE_DEBUG_INFO = INCLUDE_SOURCE;
				MTL_FAST_MATH = YES;
				ONLY_ACTIVE_ARCH = YES;
				SDKROOT = macosx;
				SWIFT_ACTIVE_COMPILATION_CONDITIONS = "DEBUG $(inherited)";
				SWIFT_OPTIMIZATION_LEVEL = "-Onone";
			};
			name = Debug;
		};
		66E6F5D82DD8351F00CC69B7 /* Release */ = {
			isa = XCBuildConfiguration;
			buildSettings = {
				ALWAYS_SEARCH_USER_PATHS = NO;
				ASSETCATALOG_COMPILER_GENERATE_SWIFT_ASSET_SYMBOL_EXTENSIONS = YES;
				CLANG_ANALYZER_NONNULL = YES;
				CLANG_ANALYZER_NUMBER_OBJECT_CONVERSION = YES_AGGRESSIVE;
				CLANG_CXX_LANGUAGE_STANDARD = "gnu++20";
				CLANG_ENABLE_MODULES = YES;
				CLANG_ENABLE_OBJC_ARC = YES;
				CLANG_ENABLE_OBJC_WEAK = YES;
				CLANG_WARN_BLOCK_CAPTURE_AUTORELEASING = YES;
				CLANG_WARN_BOOL_CONVERSION = YES;
				CLANG_WARN_COMMA = YES;
				CLANG_WARN_CONSTANT_CONVERSION = YES;
				CLANG_WARN_DEPRECATED_OBJC_IMPLEMENTATIONS = YES;
				CLANG_WARN_DIRECT_OBJC_ISA_USAGE = YES_ERROR;
				CLANG_WARN_DOCUMENTATION_COMMENTS = YES;
				CLANG_WARN_EMPTY_BODY = YES;
				CLANG_WARN_ENUM_CONVERSION = YES;
				CLANG_WARN_INFINITE_RECURSION = YES;
				CLANG_WARN_INT_CONVERSION = YES;
				CLANG_WARN_NON_LITERAL_NULL_CONVERSION = YES;
				CLANG_WARN_OBJC_IMPLICIT_RETAIN_SELF = YES;
				CLANG_WARN_OBJC_LITERAL_CONVERSION = YES;
				CLANG_WARN_OBJC_ROOT_CLASS = YES_ERROR;
				CLANG_WARN_QUOTED_INCLUDE_IN_FRAMEWORK_HEADER = YES;
				CLANG_WARN_RANGE_LOOP_ANALYSIS = YES;
				CLANG_WARN_STRICT_PROTOTYPES = YES;
				CLANG_WARN_SUSPICIOUS_MOVE = YES;
				CLANG_WARN_UNGUARDED_AVAILABILITY = YES_AGGRESSIVE;
				CLANG_WARN_UNREACHABLE_CODE = YES;
				CLANG_WARN__DUPLICATE_METHOD_MATCH = YES;
				COPY_PHASE_STRIP = NO;
				DEBUG_INFORMATION_FORMAT = "dwarf-with-dsym";
				ENABLE_NS_ASSERTIONS = NO;
				ENABLE_STRICT_OBJC_MSGSEND = YES;
				ENABLE_USER_SCRIPT_SANDBOXING = YES;
				GCC_C_LANGUAGE_STANDARD = gnu17;
				GCC_NO_COMMON_BLOCKS = YES;
				GCC_WARN_64_TO_32_BIT_CONVERSION = YES;
				GCC_WARN_ABOUT_RETURN_TYPE = YES_ERROR;
				GCC_WARN_UNDECLARED_SELECTOR = YES;
				GCC_WARN_UNINITIALIZED_AUTOS = YES_AGGRESSIVE;
				GCC_WARN_UNUSED_FUNCTION = YES;
				GCC_WARN_UNUSED_VARIABLE = YES;
				LOCALIZATION_PREFERS_STRING_CATALOGS = YES;
				MACOSX_DEPLOYMENT_TARGET = 15.4;
				MTL_ENABLE_DEBUG_INFO = NO;
				MTL_FAST_MATH = YES;
				SDKROOT = macosx;
				SWIFT_COMPILATION_MODE = wholemodule;
			};
			name = Release;
		};
		66E6F5DA2DD8351F00CC69B7 /* Debug */ = {
			isa = XCBuildConfiguration;
			buildSettings = {
				ASSETCATALOG_COMPILER_APPICON_NAME = AppIcon;
				ASSETCATALOG_COMPILER_GLOBAL_ACCENT_COLOR_NAME = AccentColor;
				CODE_SIGN_ENTITLEMENTS = amnesia/amnesia.entitlements;
				"CODE_SIGN_IDENTITY[sdk=macosx*]" = "Apple Development";
				CODE_SIGN_STYLE = Automatic;
				COMBINE_HIDPI_IMAGES = YES;
				CURRENT_PROJECT_VERSION = 1;
				DEVELOPMENT_TEAM = J2QF964R44;
				ENABLE_PREVIEWS = YES;
				GENERATE_INFOPLIST_FILE = YES;
				INFOPLIST_KEY_NSHumanReadableCopyright = "";
				LD_RUNPATH_SEARCH_PATHS = (
					"$(inherited)",
					"@executable_path/../Frameworks",
				);
				MACOSX_DEPLOYMENT_TARGET = 15.0;
				MARKETING_VERSION = 1.0;
				PRODUCT_BUNDLE_IDENTIFIER = harshsbajwa.amnesia;
				PRODUCT_NAME = "$(TARGET_NAME)";
				REGISTER_APP_GROUPS = YES;
				SWIFT_EMIT_LOC_STRINGS = YES;
				SWIFT_VERSION = 5.0;
			};
			name = Debug;
		};
		66E6F5DB2DD8351F00CC69B7 /* Release */ = {
			isa = XCBuildConfiguration;
			buildSettings = {
				ASSETCATALOG_COMPILER_APPICON_NAME = AppIcon;
				ASSETCATALOG_COMPILER_GLOBAL_ACCENT_COLOR_NAME = AccentColor;
				CODE_SIGN_ENTITLEMENTS = amnesia/amnesia.entitlements;
				"CODE_SIGN_IDENTITY[sdk=macosx*]" = "Apple Development";
				CODE_SIGN_STYLE = Automatic;
				COMBINE_HIDPI_IMAGES = YES;
				CURRENT_PROJECT_VERSION = 1;
				DEVELOPMENT_TEAM = J2QF964R44;
				ENABLE_PREVIEWS = YES;
				GENERATE_INFOPLIST_FILE = YES;
				INFOPLIST_KEY_NSHumanReadableCopyright = "";
				LD_RUNPATH_SEARCH_PATHS = (
					"$(inherited)",
					"@executable_path/../Frameworks",
				);
				MACOSX_DEPLOYMENT_TARGET = 15.0;
				MARKETING_VERSION = 1.0;
				PRODUCT_BUNDLE_IDENTIFIER = harshsbajwa.amnesia;
				PRODUCT_NAME = "$(TARGET_NAME)";
				REGISTER_APP_GROUPS = YES;
				SWIFT_EMIT_LOC_STRINGS = YES;
				SWIFT_VERSION = 5.0;
			};
			name = Release;
		};
/* End XCBuildConfiguration section */

/* Begin XCConfigurationList section */
		66E6F5B02DD8351D00CC69B7 /* Build configuration list for PBXProject "amnesia" */ = {
			isa = XCConfigurationList;
			buildConfigurations = (
				66E6F5D72DD8351F00CC69B7 /* Debug */,
				66E6F5D82DD8351F00CC69B7 /* Release */,
			);
			defaultConfigurationIsVisible = 0;
			defaultConfigurationName = Release;
		};
		66E6F5D92DD8351F00CC69B7 /* Build configuration list for PBXNativeTarget "amnesia" */ = {
			isa = XCConfigurationList;
			buildConfigurations = (
				66E6F5DA2DD8351F00CC69B7 /* Debug */,
				66E6F5DB2DD8351F00CC69B7 /* Release */,
			);
			defaultConfigurationIsVisible = 0;
			defaultConfigurationName = Release;
		};
/* End XCConfigurationList section */

/* Begin XCRemoteSwiftPackageReference section */
		667F6B5D2DD9DEC900B2CEDE /* XCRemoteSwiftPackageReference "swift-async-algorithms" */ = {
			isa = XCRemoteSwiftPackageReference;
			repositoryURL = "https://github.com/apple/swift-async-algorithms.git";
			requirement = {
				kind = upToNextMajorVersion;
				minimumVersion = 1.0.4;
			};
		};
		667F6B6E2DD9F3A400B2CEDE /* XCRemoteSwiftPackageReference "mlx-swift-examples" */ = {
			isa = XCRemoteSwiftPackageReference;
			repositoryURL = "https://github.com/ml-explore/mlx-swift-examples/";
			requirement = {
				branch = main;
				kind = branch;
			};
		};
/* End XCRemoteSwiftPackageReference section */

/* Begin XCSwiftPackageProductDependency section */
		667F6B5E2DD9DEC900B2CEDE /* AsyncAlgorithms */ = {
			isa = XCSwiftPackageProductDependency;
			package = 667F6B5D2DD9DEC900B2CEDE /* XCRemoteSwiftPackageReference "swift-async-algorithms" */;
			productName = AsyncAlgorithms;
		};
		667F6B702DD9F54900B2CEDE /* MLXLMCommon */ = {
			isa = XCSwiftPackageProductDependency;
			package = 667F6B6E2DD9F3A400B2CEDE /* XCRemoteSwiftPackageReference "mlx-swift-examples" */;
			productName = MLXLMCommon;
		};
		667F6B722DD9F54F00B2CEDE /* MLXLLM */ = {
			isa = XCSwiftPackageProductDependency;
			package = 667F6B6E2DD9F3A400B2CEDE /* XCRemoteSwiftPackageReference "mlx-swift-examples" */;
			productName = MLXLLM;
		};
		667F6B742DD9F8A700B2CEDE /* MLXVLM */ = {
			isa = XCSwiftPackageProductDependency;
			package = 667F6B6E2DD9F3A400B2CEDE /* XCRemoteSwiftPackageReference "mlx-swift-examples" */;
			productName = MLXVLM;
		};
/* End XCSwiftPackageProductDependency section */
	};
	rootObject = 66E6F5AD2DD8351D00CC69B7 /* Project object */;
}
